
Microsoft Visual Studio Solution File, Format Version 11.00
# Visual Studio 2010
Project("{FAE04EC0-301F-11D3-BF4B-00C04F79EFBC}") = "LOLAccountManagement", "LOLAccountManagement\LOLAccountManagement.csproj", "{F2858419-3C4E-46E7-B4D4-639ACCE27065}"
EndProject
Project("{FAE04EC0-301F-11D3-BF4B-00C04F79EFBC}") = "LOLAccountsManagements_TestInterface", "Test Interface Console\LOLAccountsManagements_TestInterface.csproj", "{A863E4B2-3AD6-42CB-9374-5AEF42F56A45}"
	ProjectSection(ProjectDependencies) = postProject
		{F2858419-3C4E-46E7-B4D4-639ACCE27065} = {F2858419-3C4E-46E7-B4D4-639ACCE27065}
	EndProjectSection
EndProject
Project("{FAE04EC0-301F-11D3-BF4B-00C04F79EFBC}") = "LOLMessageDeliver", "..\..\LOL Message Delivery\LOLMessageDeliver\LOLMessageDeliver\LOLMessageDeliver.csproj", "{F46D618C-3FD7-457D-9FF6-D1C98AC9B9D8}"
EndProject
Project("{FAE04EC0-301F-11D3-BF4B-00C04F79EFBC}") = "LOLMessageDeliver_TestInterface", "..\..\LOL Message Delivery\LOLMessageDeliver\ConsoleApplication1\LOLMessageDeliver_TestInterface.csproj", "{36623A7E-15E3-47D6-9287-6809E66D1611}"
EndProject
Project("{FAE04EC0-301F-11D3-BF4B-00C04F79EFBC}") = "LOLCodeLibrary", "LOLCodeLibrary\LOLCodeLibrary.csproj", "{4D289599-7450-48FF-8662-131E5BFE0707}"
EndProject
Project("{FAE04EC0-301F-11D3-BF4B-00C04F79EFBC}") = "LolCodeLibrary_TestInterface", "LolCodeLibrary_TestInterface\LolCodeLibrary_TestInterface.csproj", "{441A0FD7-CB45-492B-9BAF-3106BA9566C8}"
EndProject
Global
	GlobalSection(TeamFoundationVersionControl) = preSolution
		SccNumberOfProjects = 7
		SccEnterpriseProvider = {4CA58AB2-18FA-4F8D-95D4-32DDF27D184C}
		SccTeamFoundationServer = http://tfs.satoritechsolutions.com/tfs/satori%20tech%20solutions
		SccLocalPath0 = .
		SccProjectUniqueName1 = LOLAccountManagement\\LOLAccountManagement.csproj
		SccProjectName1 = LOLAccountManagement
		SccLocalPath1 = LOLAccountManagement
		SccProjectUniqueName2 = ..\\..\\LOL\u0020Message\u0020Delivery\\LOLMessageDeliver\\LOLMessageDeliver\\LOLMessageDeliver.csproj
		SccProjectName2 = ../../LOL\u0020Message\u0020Delivery/LOLMessageDeliver/LOLMessageDeliver
		SccLocalPath2 = ..\\..\\LOL\u0020Message\u0020Delivery\\LOLMessageDeliver\\LOLMessageDeliver
		SccProjectUniqueName3 = ..\\..\\LOL\u0020Message\u0020Delivery\\LOLMessageDeliver\\ConsoleApplication1\\LOLMessageDeliver_TestInterface.csproj
		SccProjectName3 = ../../LOL\u0020Message\u0020Delivery/LOLMessageDeliver/ConsoleApplication1
		SccLocalPath3 = ..\\..\\LOL\u0020Message\u0020Delivery\\LOLMessageDeliver\\ConsoleApplication1
		SccProjectUniqueName4 = Test\u0020Interface\u0020Console\\LOLAccountsManagements_TestInterface.csproj
		SccProjectName4 = Test\u0020Interface\u0020Console
		SccLocalPath4 = Test\u0020Interface\u0020Console
		SccProjectUniqueName5 = LOLCodeLibrary\\LOLCodeLibrary.csproj
		SccProjectName5 = LOLCodeLibrary
		SccLocalPath5 = LOLCodeLibrary
		SccProjectUniqueName6 = LolCodeLibrary_TestInterface\\LolCodeLibrary_TestInterface.csproj
		SccProjectName6 = LolCodeLibrary_TestInterface
		SccLocalPath6 = LolCodeLibrary_TestInterface
	EndGlobalSection
	GlobalSection(SolutionConfigurationPlatforms) = preSolution
		Debug|Any CPU = Debug|Any CPU
		Debug|Mixed Platforms = Debug|Mixed Platforms
		Debug|x86 = Debug|x86
		Release|Any CPU = Release|Any CPU
		Release|Mixed Platforms = Release|Mixed Platforms
		Release|x86 = Release|x86
	EndGlobalSection
	GlobalSection(ProjectConfigurationPlatforms) = postSolution
		{F2858419-3C4E-46E7-B4D4-639ACCE27065}.Debug|Any CPU.ActiveCfg = Debug|Any CPU
		{F2858419-3C4E-46E7-B4D4-639ACCE27065}.Debug|Any CPU.Build.0 = Debug|Any CPU
		{F2858419-3C4E-46E7-B4D4-639ACCE27065}.Debug|Mixed Platforms.ActiveCfg = Debug|Any CPU
		{F2858419-3C4E-46E7-B4D4-639ACCE27065}.Debug|Mixed Platforms.Build.0 = Debug|Any CPU
		{F2858419-3C4E-46E7-B4D4-639ACCE27065}.Debug|x86.ActiveCfg = Debug|Any CPU
		{F2858419-3C4E-46E7-B4D4-639ACCE27065}.Release|Any CPU.ActiveCfg = Release|Any CPU
		{F2858419-3C4E-46E7-B4D4-639ACCE27065}.Release|Any CPU.Build.0 = Release|Any CPU
		{F2858419-3C4E-46E7-B4D4-639ACCE27065}.Release|Mixed Platforms.ActiveCfg = Release|Any CPU
		{F2858419-3C4E-46E7-B4D4-639ACCE27065}.Release|Mixed Platforms.Build.0 = Release|Any CPU
		{F2858419-3C4E-46E7-B4D4-639ACCE27065}.Release|x86.ActiveCfg = Release|Any CPU
		{A863E4B2-3AD6-42CB-9374-5AEF42F56A45}.Debug|Any CPU.ActiveCfg = Debug|x86
		{A863E4B2-3AD6-42CB-9374-5AEF42F56A45}.Debug|Mixed Platforms.ActiveCfg = Debug|x86
		{A863E4B2-3AD6-42CB-9374-5AEF42F56A45}.Debug|Mixed Platforms.Build.0 = Debug|x86
		{A863E4B2-3AD6-42CB-9374-5AEF42F56A45}.Debug|x86.ActiveCfg = Debug|x86
		{A863E4B2-3AD6-42CB-9374-5AEF42F56A45}.Debug|x86.Build.0 = Debug|x86
		{A863E4B2-3AD6-42CB-9374-5AEF42F56A45}.Release|Any CPU.ActiveCfg = Release|x86
		{A863E4B2-3AD6-42CB-9374-5AEF42F56A45}.Release|Mixed Platforms.ActiveCfg = Release|x86
		{A863E4B2-3AD6-42CB-9374-5AEF42F56A45}.Release|Mixed Platforms.Build.0 = Release|x86
		{A863E4B2-3AD6-42CB-9374-5AEF42F56A45}.Release|x86.ActiveCfg = Release|x86
		{A863E4B2-3AD6-42CB-9374-5AEF42F56A45}.Release|x86.Build.0 = Release|x86
		{F46D618C-3FD7-457D-9FF6-D1C98AC9B9D8}.Debug|Any CPU.ActiveCfg = Debug|Any CPU
		{F46D618C-3FD7-457D-9FF6-D1C98AC9B9D8}.Debug|Any CPU.Build.0 = Debug|Any CPU
		{F46D618C-3FD7-457D-9FF6-D1C98AC9B9D8}.Debug|Mixed Platforms.ActiveCfg = Debug|Any CPU
		{F46D618C-3FD7-457D-9FF6-D1C98AC9B9D8}.Debug|Mixed Platforms.Build.0 = Debug|Any CPU
		{F46D618C-3FD7-457D-9FF6-D1C98AC9B9D8}.Debug|x86.ActiveCfg = Debug|Any CPU
		{F46D618C-3FD7-457D-9FF6-D1C98AC9B9D8}.Release|Any CPU.ActiveCfg = Release|Any CPU
		{F46D618C-3FD7-457D-9FF6-D1C98AC9B9D8}.Release|Any CPU.Build.0 = Release|Any CPU
		{F46D618C-3FD7-457D-9FF6-D1C98AC9B9D8}.Release|Mixed Platforms.ActiveCfg = Release|Any CPU
		{F46D618C-3FD7-457D-9FF6-D1C98AC9B9D8}.Release|Mixed Platforms.Build.0 = Release|Any CPU
		{F46D618C-3FD7-457D-9FF6-D1C98AC9B9D8}.Release|x86.ActiveCfg = Release|Any CPU
		{36623A7E-15E3-47D6-9287-6809E66D1611}.Debug|Any CPU.ActiveCfg = Debug|x86
		{36623A7E-15E3-47D6-9287-6809E66D1611}.Debug|Mixed Platforms.ActiveCfg = Debug|x86
		{36623A7E-15E3-47D6-9287-6809E66D1611}.Debug|Mixed Platforms.Build.0 = Debug|x86
		{36623A7E-15E3-47D6-9287-6809E66D1611}.Debug|x86.ActiveCfg = Debug|x86
		{36623A7E-15E3-47D6-9287-6809E66D1611}.Debug|x86.Build.0 = Debug|x86
		{36623A7E-15E3-47D6-9287-6809E66D1611}.Release|Any CPU.ActiveCfg = Release|x86
		{36623A7E-15E3-47D6-9287-6809E66D1611}.Release|Mixed Platforms.ActiveCfg = Release|x86
		{36623A7E-15E3-47D6-9287-6809E66D1611}.Release|Mixed Platforms.Build.0 = Release|x86
		{36623A7E-15E3-47D6-9287-6809E66D1611}.Release|x86.ActiveCfg = Release|x86
		{36623A7E-15E3-47D6-9287-6809E66D1611}.Release|x86.Build.0 = Release|x86
		{4D289599-7450-48FF-8662-131E5BFE0707}.Debug|Any CPU.ActiveCfg = Debug|x86
		{4D289599-7450-48FF-8662-131E5BFE0707}.Debug|Mixed Platforms.ActiveCfg = Debug|x86
		{4D289599-7450-48FF-8662-131E5BFE0707}.Debug|Mixed Platforms.Build.0 = Debug|x86
		{4D289599-7450-48FF-8662-131E5BFE0707}.Debug|x86.ActiveCfg = Debug|x86
		{4D289599-7450-48FF-8662-131E5BFE0707}.Debug|x86.Build.0 = Debug|x86
		{4D289599-7450-48FF-8662-131E5BFE0707}.Release|Any CPU.ActiveCfg = Release|x86
		{4D289599-7450-48FF-8662-131E5BFE0707}.Release|Mixed Platforms.ActiveCfg = Release|x86
		{4D289599-7450-48FF-8662-131E5BFE0707}.Release|Mixed Platforms.Build.0 = Release|x86
		{4D289599-7450-48FF-8662-131E5BFE0707}.Release|x86.ActiveCfg = Release|x86
		{4D289599-7450-48FF-8662-131E5BFE0707}.Release|x86.Build.0 = Release|x86
		{441A0FD7-CB45-492B-9BAF-3106BA9566C8}.Debug|Any CPU.ActiveCfg = Debug|x86
		{441A0FD7-CB45-492B-9BAF-3106BA9566C8}.Debug|Mixed Platforms.ActiveCfg = Debug|x86
		{441A0FD7-CB45-492B-9BAF-3106BA9566C8}.Debug|Mixed Platforms.Build.0 = Debug|x86
		{441A0FD7-CB45-492B-9BAF-3106BA9566C8}.Debug|x86.ActiveCfg = Debug|x86
		{441A0FD7-CB45-492B-9BAF-3106BA9566C8}.Debug|x86.Build.0 = Debug|x86
		{441A0FD7-CB45-492B-9BAF-3106BA9566C8}.Release|Any CPU.ActiveCfg = Release|x86
		{441A0FD7-CB45-492B-9BAF-3106BA9566C8}.Release|Mixed Platforms.ActiveCfg = Release|x86
		{441A0FD7-CB45-492B-9BAF-3106BA9566C8}.Release|Mixed Platforms.Build.0 = Release|x86
		{441A0FD7-CB45-492B-9BAF-3106BA9566C8}.Release|x86.ActiveCfg = Release|x86
		{441A0FD7-CB45-492B-9BAF-3106BA9566C8}.Release|x86.Build.0 = Release|x86
	EndGlobalSection
	GlobalSection(SolutionProperties) = preSolution
		HideSolutionNode = FALSE
	EndGlobalSection
EndGlobal
